
Microsoft Visual Studio Solution File, Format Version 12.00
# Visual Studio Version 16
VisualStudioVersion = 16.0.29324.140
MinimumVisualStudioVersion = 10.0.40219.1
Project("{FAE04EC0-301F-11D3-BF4B-00C04F79EFBC}") = "Jira_Generator_V2", "Jira_Generator_V2.csproj", "{0618E81E-8E64-4BC2-A425-998A4E0C6514}"
EndProject
Global
	GlobalSection(SolutionConfigurationPlatforms) = preSolution
		Debug|Any CPU = Debug|Any CPU
		Release|Any CPU = Release|Any CPU
	EndGlobalSection
	GlobalSection(ProjectConfigurationPlatforms) = postSolution
		{0618E81E-8E64-4BC2-A425-998A4E0C6514}.Debug|Any CPU.ActiveCfg = Debug|Any CPU
		{0618E81E-8E64-4BC2-A425-998A4E0C6514}.Debug|Any CPU.Build.0 = Debug|Any CPU
		{0618E81E-8E64-4BC2-A425-998A4E0C6514}.Release|Any CPU.ActiveCfg = Release|Any CPU
		{0618E81E-8E64-4BC2-A425-998A4E0C6514}.Release|Any CPU.Build.0 = Release|Any CPU
	EndGlobalSection
	GlobalSection(SolutionProperties) = preSolution
		HideSolutionNode = FALSE
	EndGlobalSection
	GlobalSection(ExtensibilityGlobals) = postSolution
		SolutionGuid = {43A4CC25-AC99-4D4C-A65C-D3D36B6A037E}
	EndGlobalSection
EndGlobal
